
Microsoft Visual Studio Solution File, Format Version 12.00
# Visual Studio 14
VisualStudioVersion = 14.0.25420.1
MinimumVisualStudioVersion = 10.0.40219.1
Project("{FAE04EC0-301F-11D3-BF4B-00C04F79EFBC}") = "BookMyShowAppp", "BookMyShowAppp\BookMyShowAppp.csproj", "{D8E468D6-EB3B-47DB-8AB6-49EC4920F356}"
EndProject
Project("{FAE04EC0-301F-11D3-BF4B-00C04F79EFBC}") = "PresentationLayer", "PresentationLayer\PresentationLayer.csproj", "{D3F7950E-19A5-460D-82AE-253A11A7AD23}"
EndProject
Project("{FAE04EC0-301F-11D3-BF4B-00C04F79EFBC}") = "DataLayer", "DataLayer\DataLayer.csproj", "{F83AC04E-D3A5-49FB-8844-8CBA7B4BA287}"
EndProject
Project("{FAE04EC0-301F-11D3-BF4B-00C04F79EFBC}") = "BusinessLayer", "BusinessLayer\BusinessLayer.csproj", "{AB10DF36-B1A6-4E46-A207-A99FB1EE0478}"
EndProject
Global
	GlobalSection(SolutionConfigurationPlatforms) = preSolution
		Debug|Any CPU = Debug|Any CPU
		Release|Any CPU = Release|Any CPU
	EndGlobalSection
	GlobalSection(ProjectConfigurationPlatforms) = postSolution
		{D8E468D6-EB3B-47DB-8AB6-49EC4920F356}.Debug|Any CPU.ActiveCfg = Debug|Any CPU
		{D8E468D6-EB3B-47DB-8AB6-49EC4920F356}.Debug|Any CPU.Build.0 = Debug|Any CPU
		{D8E468D6-EB3B-47DB-8AB6-49EC4920F356}.Release|Any CPU.ActiveCfg = Release|Any CPU
		{D8E468D6-EB3B-47DB-8AB6-49EC4920F356}.Release|Any CPU.Build.0 = Release|Any CPU
		{D3F7950E-19A5-460D-82AE-253A11A7AD23}.Debug|Any CPU.ActiveCfg = Debug|Any CPU
		{D3F7950E-19A5-460D-82AE-253A11A7AD23}.Debug|Any CPU.Build.0 = Debug|Any CPU
		{D3F7950E-19A5-460D-82AE-253A11A7AD23}.Release|Any CPU.ActiveCfg = Release|Any CPU
		{D3F7950E-19A5-460D-82AE-253A11A7AD23}.Release|Any CPU.Build.0 = Release|Any CPU
		{F83AC04E-D3A5-49FB-8844-8CBA7B4BA287}.Debug|Any CPU.ActiveCfg = Debug|Any CPU
		{F83AC04E-D3A5-49FB-8844-8CBA7B4BA287}.Debug|Any CPU.Build.0 = Debug|Any CPU
		{F83AC04E-D3A5-49FB-8844-8CBA7B4BA287}.Release|Any CPU.ActiveCfg = Release|Any CPU
		{F83AC04E-D3A5-49FB-8844-8CBA7B4BA287}.Release|Any CPU.Build.0 = Release|Any CPU
		{AB10DF36-B1A6-4E46-A207-A99FB1EE0478}.Debug|Any CPU.ActiveCfg = Debug|Any CPU
		{AB10DF36-B1A6-4E46-A207-A99FB1EE0478}.Debug|Any CPU.Build.0 = Debug|Any CPU
		{AB10DF36-B1A6-4E46-A207-A99FB1EE0478}.Release|Any CPU.ActiveCfg = Release|Any CPU
		{AB10DF36-B1A6-4E46-A207-A99FB1EE0478}.Release|Any CPU.Build.0 = Release|Any CPU
	EndGlobalSection
	GlobalSection(SolutionProperties) = preSolution
		HideSolutionNode = FALSE
	EndGlobalSection
EndGlobal
